
Microsoft Visual Studio Solution File, Format Version 12.00
# Visual Studio 15
VisualStudioVersion = 15.0.28307.271
MinimumVisualStudioVersion = 10.0.40219.1
Project("{FAE04EC0-301F-11D3-BF4B-00C04F79EFBC}") = "sharpLogger", "sharpLogger\sharpLogger.csproj", "{ED8F62DA-D6D0-4D44-B914-920A81E2BBBC}"
EndProject
Project("{FAE04EC0-301F-11D3-BF4B-00C04F79EFBC}") = "sharpLoggerTest", "sharpLoggerTest\sharpLoggerTest.csproj", "{63FF5CE5-E677-4352-B79E-4278F72273E8}"
EndProject
Global
	GlobalSection(SolutionConfigurationPlatforms) = preSolution
		Debug|Any CPU = Debug|Any CPU
		Release|Any CPU = Release|Any CPU
	EndGlobalSection
	GlobalSection(ProjectConfigurationPlatforms) = postSolution
		{ED8F62DA-D6D0-4D44-B914-920A81E2BBBC}.Debug|Any CPU.ActiveCfg = Debug|Any CPU
		{ED8F62DA-D6D0-4D44-B914-920A81E2BBBC}.Debug|Any CPU.Build.0 = Debug|Any CPU
		{ED8F62DA-D6D0-4D44-B914-920A81E2BBBC}.Release|Any CPU.ActiveCfg = Release|Any CPU
		{ED8F62DA-D6D0-4D44-B914-920A81E2BBBC}.Release|Any CPU.Build.0 = Release|Any CPU
		{63FF5CE5-E677-4352-B79E-4278F72273E8}.Debug|Any CPU.ActiveCfg = Debug|Any CPU
		{63FF5CE5-E677-4352-B79E-4278F72273E8}.Debug|Any CPU.Build.0 = Debug|Any CPU
		{63FF5CE5-E677-4352-B79E-4278F72273E8}.Release|Any CPU.ActiveCfg = Release|Any CPU
		{63FF5CE5-E677-4352-B79E-4278F72273E8}.Release|Any CPU.Build.0 = Release|Any CPU
	EndGlobalSection
	GlobalSection(SolutionProperties) = preSolution
		HideSolutionNode = FALSE
	EndGlobalSection
	GlobalSection(ExtensibilityGlobals) = postSolution
		SolutionGuid = {4744D91E-71E8-4496-9098-14EB2F07CC4C}
	EndGlobalSection
EndGlobal
